
Microsoft Visual Studio Solution File, Format Version 12.00
# Visual Studio Version 17
VisualStudioVersion = 17.11.35312.102
MinimumVisualStudioVersion = 10.0.40219.1
Project("{FAE04EC0-301F-11D3-BF4B-00C04F79EFBC}") = "TaskTrackerAPI", "TaskTrackerAPI\TaskTrackerAPI.csproj", "{CF82D511-4443-49B9-BBC4-2A471AC9C5F9}"
EndProject
Global
	GlobalSection(SolutionConfigurationPlatforms) = preSolution
		Debug|Any CPU = Debug|Any CPU
		Release|Any CPU = Release|Any CPU
	EndGlobalSection
	GlobalSection(ProjectConfigurationPlatforms) = postSolution
		{CF82D511-4443-49B9-BBC4-2A471AC9C5F9}.Debug|Any CPU.ActiveCfg = Debug|Any CPU
		{CF82D511-4443-49B9-BBC4-2A471AC9C5F9}.Debug|Any CPU.Build.0 = Debug|Any CPU
		{CF82D511-4443-49B9-BBC4-2A471AC9C5F9}.Release|Any CPU.ActiveCfg = Release|Any CPU
		{CF82D511-4443-49B9-BBC4-2A471AC9C5F9}.Release|Any CPU.Build.0 = Release|Any CPU
	EndGlobalSection
	GlobalSection(SolutionProperties) = preSolution
		HideSolutionNode = FALSE
	EndGlobalSection
	GlobalSection(ExtensibilityGlobals) = postSolution
		SolutionGuid = {E304ED54-E135-4FAE-8ACC-7632FA97C58D}
	EndGlobalSection
EndGlobal
