
Microsoft Visual Studio Solution File, Format Version 12.00
# Visual Studio Version 17
VisualStudioVersion = 17.11.35312.102
MinimumVisualStudioVersion = 10.0.40219.1
Project("{FAE04EC0-301F-11D3-BF4B-00C04F79EFBC}") = "Serializer", "Serializer\Serializer.csproj", "{4A8EB0E2-2DB6-41A1-B153-CB7967AEBAC2}"
EndProject
Global
	GlobalSection(SolutionConfigurationPlatforms) = preSolution
		Debug|Any CPU = Debug|Any CPU
		Release|Any CPU = Release|Any CPU
	EndGlobalSection
	GlobalSection(ProjectConfigurationPlatforms) = postSolution
		{4A8EB0E2-2DB6-41A1-B153-CB7967AEBAC2}.Debug|Any CPU.ActiveCfg = Debug|Any CPU
		{4A8EB0E2-2DB6-41A1-B153-CB7967AEBAC2}.Debug|Any CPU.Build.0 = Debug|Any CPU
		{4A8EB0E2-2DB6-41A1-B153-CB7967AEBAC2}.Release|Any CPU.ActiveCfg = Release|Any CPU
		{4A8EB0E2-2DB6-41A1-B153-CB7967AEBAC2}.Release|Any CPU.Build.0 = Release|Any CPU
	EndGlobalSection
	GlobalSection(SolutionProperties) = preSolution
		HideSolutionNode = FALSE
	EndGlobalSection
	GlobalSection(ExtensibilityGlobals) = postSolution
		SolutionGuid = {6E535FFE-A69C-42BF-B69D-99C02C79983C}
	EndGlobalSection
EndGlobal
