
Microsoft Visual Studio Solution File, Format Version 12.00
# Visual Studio Version 17
VisualStudioVersion = 17.11.35312.102
MinimumVisualStudioVersion = 10.0.40219.1
Project("{FAE04EC0-301F-11D3-BF4B-00C04F79EFBC}") = "LINQ", "LINQ\LINQ.csproj", "{BF99F1F8-437F-45F0-B646-6B33EFD2FB2A}"
EndProject
Global
	GlobalSection(SolutionConfigurationPlatforms) = preSolution
		Debug|Any CPU = Debug|Any CPU
		Release|Any CPU = Release|Any CPU
	EndGlobalSection
	GlobalSection(ProjectConfigurationPlatforms) = postSolution
		{BF99F1F8-437F-45F0-B646-6B33EFD2FB2A}.Debug|Any CPU.ActiveCfg = Debug|Any CPU
		{BF99F1F8-437F-45F0-B646-6B33EFD2FB2A}.Debug|Any CPU.Build.0 = Debug|Any CPU
		{BF99F1F8-437F-45F0-B646-6B33EFD2FB2A}.Release|Any CPU.ActiveCfg = Release|Any CPU
		{BF99F1F8-437F-45F0-B646-6B33EFD2FB2A}.Release|Any CPU.Build.0 = Release|Any CPU
	EndGlobalSection
	GlobalSection(SolutionProperties) = preSolution
		HideSolutionNode = FALSE
	EndGlobalSection
	GlobalSection(ExtensibilityGlobals) = postSolution
		SolutionGuid = {EFCA0763-50E5-4B94-80D0-5E274C63D40C}
	EndGlobalSection
EndGlobal
